
Microsoft Visual Studio Solution File, Format Version 12.00
# Visual Studio Version 17
VisualStudioVersion = 17.7.34024.191
MinimumVisualStudioVersion = 10.0.40219.1
Project("{FAE04EC0-301F-11D3-BF4B-00C04F79EFBC}") = "Lab7", "Lab7.csproj", "{2584C91A-1F93-4178-8AF7-52341E8886DF}"
EndProject
Global
	GlobalSection(SolutionConfigurationPlatforms) = preSolution
		Debug|Any CPU = Debug|Any CPU
		Release|Any CPU = Release|Any CPU
	EndGlobalSection
	GlobalSection(ProjectConfigurationPlatforms) = postSolution
		{2584C91A-1F93-4178-8AF7-52341E8886DF}.Debug|Any CPU.ActiveCfg = Debug|Any CPU
		{2584C91A-1F93-4178-8AF7-52341E8886DF}.Debug|Any CPU.Build.0 = Debug|Any CPU
		{2584C91A-1F93-4178-8AF7-52341E8886DF}.Release|Any CPU.ActiveCfg = Release|Any CPU
		{2584C91A-1F93-4178-8AF7-52341E8886DF}.Release|Any CPU.Build.0 = Release|Any CPU
	EndGlobalSection
	GlobalSection(SolutionProperties) = preSolution
		HideSolutionNode = FALSE
	EndGlobalSection
	GlobalSection(ExtensibilityGlobals) = postSolution
		SolutionGuid = {A3398E3A-CD11-43BD-B2D5-1F57E339A5F6}
	EndGlobalSection
EndGlobal
